
Microsoft Visual Studio Solution File, Format Version 12.00
# Visual Studio 14
VisualStudioVersion = 14.0.23107.0
MinimumVisualStudioVersion = 10.0.40219.1
Project("{FAE04EC0-301F-11D3-BF4B-00C04F79EFBC}") = "EntidadesCompartidas", "EntidadesCompartidas\EntidadesCompartidas.csproj", "{ADD8C7DC-CADC-4E55-AFEB-E23DAA0BFDE6}"
EndProject
Project("{FAE04EC0-301F-11D3-BF4B-00C04F79EFBC}") = "Logica", "Logica\Logica.csproj", "{DD6C6B3E-3739-41DB-A411-B64B111B4EC7}"
EndProject
Project("{FAE04EC0-301F-11D3-BF4B-00C04F79EFBC}") = "Persistencia", "Persistencia\Persistencia.csproj", "{FB07E056-4A65-449A-B4C7-D298E3661BE0}"
EndProject
Project("{E24C65DC-7377-472B-9ABA-BC803B73C61A}") = "Presentacion", "Presentacion\", "{69787555-7CDA-4F39-A85C-D0357FA30536}"
	ProjectSection(WebsiteProperties) = preProject
		TargetFrameworkMoniker = ".NETFramework,Version%3Dv4.0"
		ProjectReferences = "{ADD8C7DC-CADC-4E55-AFEB-E23DAA0BFDE6}|EntidadesCompartidas.dll;{DD6C6B3E-3739-41DB-A411-B64B111B4EC7}|Logica.dll;{FB07E056-4A65-449A-B4C7-D298E3661BE0}|Persistencia.dll;"
		Debug.AspNetCompiler.VirtualPath = "/Presentacion"
		Debug.AspNetCompiler.PhysicalPath = "Presentacion\"
		Debug.AspNetCompiler.TargetPath = "PrecompiledWeb\Presentacion\"
		Debug.AspNetCompiler.Updateable = "true"
		Debug.AspNetCompiler.ForceOverwrite = "true"
		Debug.AspNetCompiler.FixedNames = "false"
		Debug.AspNetCompiler.Debug = "True"
		Release.AspNetCompiler.VirtualPath = "/Presentacion"
		Release.AspNetCompiler.PhysicalPath = "Presentacion\"
		Release.AspNetCompiler.TargetPath = "PrecompiledWeb\Presentacion\"
		Release.AspNetCompiler.Updateable = "true"
		Release.AspNetCompiler.ForceOverwrite = "true"
		Release.AspNetCompiler.FixedNames = "false"
		Release.AspNetCompiler.Debug = "False"
		VWDPort = "55854"
	EndProjectSection
EndProject
Global
	GlobalSection(SolutionConfigurationPlatforms) = preSolution
		Debug|Any CPU = Debug|Any CPU
		Release|Any CPU = Release|Any CPU
	EndGlobalSection
	GlobalSection(ProjectConfigurationPlatforms) = postSolution
		{ADD8C7DC-CADC-4E55-AFEB-E23DAA0BFDE6}.Debug|Any CPU.ActiveCfg = Debug|Any CPU
		{ADD8C7DC-CADC-4E55-AFEB-E23DAA0BFDE6}.Debug|Any CPU.Build.0 = Debug|Any CPU
		{ADD8C7DC-CADC-4E55-AFEB-E23DAA0BFDE6}.Release|Any CPU.ActiveCfg = Release|Any CPU
		{ADD8C7DC-CADC-4E55-AFEB-E23DAA0BFDE6}.Release|Any CPU.Build.0 = Release|Any CPU
		{DD6C6B3E-3739-41DB-A411-B64B111B4EC7}.Debug|Any CPU.ActiveCfg = Debug|Any CPU
		{DD6C6B3E-3739-41DB-A411-B64B111B4EC7}.Debug|Any CPU.Build.0 = Debug|Any CPU
		{DD6C6B3E-3739-41DB-A411-B64B111B4EC7}.Release|Any CPU.ActiveCfg = Release|Any CPU
		{DD6C6B3E-3739-41DB-A411-B64B111B4EC7}.Release|Any CPU.Build.0 = Release|Any CPU
		{FB07E056-4A65-449A-B4C7-D298E3661BE0}.Debug|Any CPU.ActiveCfg = Debug|Any CPU
		{FB07E056-4A65-449A-B4C7-D298E3661BE0}.Debug|Any CPU.Build.0 = Debug|Any CPU
		{FB07E056-4A65-449A-B4C7-D298E3661BE0}.Release|Any CPU.ActiveCfg = Release|Any CPU
		{FB07E056-4A65-449A-B4C7-D298E3661BE0}.Release|Any CPU.Build.0 = Release|Any CPU
		{69787555-7CDA-4F39-A85C-D0357FA30536}.Debug|Any CPU.ActiveCfg = Debug|Any CPU
		{69787555-7CDA-4F39-A85C-D0357FA30536}.Debug|Any CPU.Build.0 = Debug|Any CPU
		{69787555-7CDA-4F39-A85C-D0357FA30536}.Release|Any CPU.ActiveCfg = Debug|Any CPU
		{69787555-7CDA-4F39-A85C-D0357FA30536}.Release|Any CPU.Build.0 = Debug|Any CPU
	EndGlobalSection
	GlobalSection(SolutionProperties) = preSolution
		HideSolutionNode = FALSE
	EndGlobalSection
EndGlobal
